
Microsoft Visual Studio Solution File, Format Version 12.00
Project("{FAE04EC0-301F-11D3-BF4B-00C04F79EFBC}") = "GodnessChatBot", "GodnessChatBot\GodnessChatBot.csproj", "{5CE27BDD-98A4-40D5-8B74-F351E13B1645}"
EndProject
Global
	GlobalSection(SolutionConfigurationPlatforms) = preSolution
		Debug|Any CPU = Debug|Any CPU
		Release|Any CPU = Release|Any CPU
	EndGlobalSection
	GlobalSection(ProjectConfigurationPlatforms) = postSolution
		{5CE27BDD-98A4-40D5-8B74-F351E13B1645}.Debug|Any CPU.ActiveCfg = Debug|Any CPU
		{5CE27BDD-98A4-40D5-8B74-F351E13B1645}.Debug|Any CPU.Build.0 = Debug|Any CPU
		{5CE27BDD-98A4-40D5-8B74-F351E13B1645}.Release|Any CPU.ActiveCfg = Release|Any CPU
		{5CE27BDD-98A4-40D5-8B74-F351E13B1645}.Release|Any CPU.Build.0 = Release|Any CPU
	EndGlobalSection
EndGlobal
